{
  "name": "docs",
  "version": "1.0.0",
  "lockfileVersion": 1,
  "requires": true,
  "dependencies": {
    "@vssue/utils": {
      "version": "1.4.0",
      "resolved": "https://registry.npmjs.org/@vssue/utils/-/utils-1.4.0.tgz",
      "integrity": "sha512-3d9WCYNurdFKApFzU8i7YD1GCGhunEVYnwSJxwQ2rDmEdpLneAYNJWg9+QS6bqzB+Pw7ymtwLf/Sqti9+xUGqA==",
      "requires": {
        "date-fns": "^1.29.0",
        "qs": "^6.6.0"
      }
    },
    "date-fns": {
      "version": "1.30.1",
      "resolved": "https://registry.npmjs.org/date-fns/-/date-fns-1.30.1.tgz",
      "integrity": "sha512-hBSVCvSmWC+QypYObzwGOd9wqdDpOt+0wl0KbU+R+uuZBS1jN8VsD1ss3irQDknRj5NvxiTF6oj/nDRnN/UQNw=="
    },
    "github-markdown-css": {
      "version": "3.0.1",
      "resolved": "https://registry.npmjs.org/github-markdown-css/-/github-markdown-css-3.0.1.tgz",
      "integrity": "sha512-9G5CIPsHoyk5ObDsb/H4KTi23J8KE1oDd4KYU51qwqeM+lKWAiO7abpSgCkyWswgmSKBiuE7/4f8xUz7f2qAiQ=="
    },
    "qs": {
      "version": "6.9.3",
      "resolved": "https://registry.npmjs.org/qs/-/qs-6.9.3.tgz",
      "integrity": "sha512-EbZYNarm6138UKKq46tdx08Yo/q9ZhFoAXAI1meAFd2GtbRDhbZY2WQSICskT0c5q99aFzLG1D4nvTk9tqfXIw=="
    },
    "vssue": {
      "version": "1.4.3",
      "resolved": "https://registry.npmjs.org/vssue/-/vssue-1.4.3.tgz",
      "integrity": "sha512-xGnsLahqREumXgHnZ92MzNbIfwYqz8fZUQVGTe5/b2tCWsF5pFhO51fv4FVVDvVUwF6NsT3Kzy4HTVvJK2at4A==",
      "requires": {
        "@vssue/utils": "^1.4.0",
        "github-markdown-css": "^3.0.1",
        "vue": "^2.6.10",
        "vue-i18n": "^8.11.2",
        "vue-property-decorator": "^8.1.1"
      },
      "dependencies": {
        "vue": {
          "version": "2.6.11",
          "resolved": "https://registry.npmjs.org/vue/-/vue-2.6.11.tgz",
          "integrity": "sha512-VfPwgcGABbGAue9+sfrD4PuwFar7gPb1yl1UK1MwXoQPAw0BKSqWfoYCT/ThFrdEVWoI51dBuyCoiNU9bZDZxQ=="
        }
      }
    },
    "vue-class-component": {
      "version": "7.2.3",
      "resolved": "https://registry.npmjs.org/vue-class-component/-/vue-class-component-7.2.3.tgz",
      "integrity": "sha512-oEqYpXKaFN+TaXU+mRLEx8dX0ah85aAJEe61mpdoUrq0Bhe/6sWhyZX1JjMQLhVsHAkncyhedhmCdDVSasUtDw=="
    },
    "vue-i18n": {
      "version": "8.17.3",
      "resolved": "https://registry.npmjs.org/vue-i18n/-/vue-i18n-8.17.3.tgz",
      "integrity": "sha512-sWjGOL7dXo6rYcPQmlY8FN/beLxq2aCnTZMSxfW0yW78rRGpqWrqXJURH56kvMYCnyNCepBjGWEEW0rbFiig5Q=="
    },
    "vue-property-decorator": {
      "version": "8.4.1",
      "resolved": "https://registry.npmjs.org/vue-property-decorator/-/vue-property-decorator-8.4.1.tgz",
      "integrity": "sha512-8R4Us7DxFO0rwAL/2fv6vaZL8Oa4n/HGanHODYGTcvQHwT0FYJr9UuuFm2GoWAIXQu1mDO03HNeHswFp9vmTVA==",
      "requires": {
        "vue-class-component": "^7.1.0"
      }
    }
  }
}
